
Microsoft Visual Studio Solution File, Format Version 12.00
# Visual Studio 15
VisualStudioVersion = 15.0.28010.2003
MinimumVisualStudioVersion = 10.0.40219.1
Project("{FAE04EC0-301F-11D3-BF4B-00C04F79EFBC}") = "ATMhandin2", "ATMhandin2\ATMhandin2.csproj", "{C788957A-5C9C-4C58-85A3-255C50F2374A}"
EndProject
Project("{FAE04EC0-301F-11D3-BF4B-00C04F79EFBC}") = "Transponder.Receiver.Test", "Transponder.Receiver.Test\Transponder.Receiver.Test.csproj", "{CA043957-CA2B-4EE9-8932-F3FAEF88A816}"
EndProject
Global
	GlobalSection(SolutionConfigurationPlatforms) = preSolution
		Debug|Any CPU = Debug|Any CPU
		Release|Any CPU = Release|Any CPU
	EndGlobalSection
	GlobalSection(ProjectConfigurationPlatforms) = postSolution
		{C788957A-5C9C-4C58-85A3-255C50F2374A}.Debug|Any CPU.ActiveCfg = Debug|Any CPU
		{C788957A-5C9C-4C58-85A3-255C50F2374A}.Debug|Any CPU.Build.0 = Debug|Any CPU
		{C788957A-5C9C-4C58-85A3-255C50F2374A}.Release|Any CPU.ActiveCfg = Release|Any CPU
		{C788957A-5C9C-4C58-85A3-255C50F2374A}.Release|Any CPU.Build.0 = Release|Any CPU
		{CA043957-CA2B-4EE9-8932-F3FAEF88A816}.Debug|Any CPU.ActiveCfg = Debug|Any CPU
		{CA043957-CA2B-4EE9-8932-F3FAEF88A816}.Debug|Any CPU.Build.0 = Debug|Any CPU
		{CA043957-CA2B-4EE9-8932-F3FAEF88A816}.Release|Any CPU.ActiveCfg = Release|Any CPU
		{CA043957-CA2B-4EE9-8932-F3FAEF88A816}.Release|Any CPU.Build.0 = Release|Any CPU
	EndGlobalSection
	GlobalSection(SolutionProperties) = preSolution
		HideSolutionNode = FALSE
	EndGlobalSection
	GlobalSection(ExtensibilityGlobals) = postSolution
		SolutionGuid = {5B6AC240-4D13-4E8F-85A2-A068452EE33C}
	EndGlobalSection
EndGlobal
